
Microsoft Visual Studio Solution File, Format Version 12.00
# Visual Studio Version 17
VisualStudioVersion = 17.7.34031.279
MinimumVisualStudioVersion = 10.0.40219.1
Project("{8BC9CEB8-8B4A-11D0-8D11-00A0C91BC942}") = "Course-8-Algorithms", "Course-8-Algorithms\Course-8-Algorithms.vcxproj", "{24B53424-66E4-4FB9-A63D-B51505589973}"
EndProject
Project("{8BC9CEB8-8B4A-11D0-8D11-00A0C91BC942}") = "1", "1\1.vcxproj", "{A9B36EAF-FC06-461A-A52F-2D620B3E1E2B}"
EndProject
Project("{8BC9CEB8-8B4A-11D0-8D11-00A0C91BC942}") = "2", "2\2.vcxproj", "{6CCEA147-549B-4E49-9969-63D69ED07CDE}"
EndProject
Project("{8BC9CEB8-8B4A-11D0-8D11-00A0C91BC942}") = "3", "3\3.vcxproj", "{8B87C552-3374-412B-B302-287FDAA1CB42}"
EndProject
Project("{8BC9CEB8-8B4A-11D0-8D11-00A0C91BC942}") = "4", "4\4.vcxproj", "{B39407C9-C95C-42D2-8E01-16485C15351D}"
EndProject
Project("{8BC9CEB8-8B4A-11D0-8D11-00A0C91BC942}") = "5", "5\5.vcxproj", "{34C6E595-FDD0-47A6-9D5F-CE09B7EA205F}"
EndProject
Project("{8BC9CEB8-8B4A-11D0-8D11-00A0C91BC942}") = "6", "6\6.vcxproj", "{324CCDC7-6221-4B97-BB94-D9E02358F2FD}"
EndProject
Project("{8BC9CEB8-8B4A-11D0-8D11-00A0C91BC942}") = "7", "7\7.vcxproj", "{81244A54-2665-4117-A626-78E917344D39}"
EndProject
Project("{8BC9CEB8-8B4A-11D0-8D11-00A0C91BC942}") = "8", "8\8.vcxproj", "{B4FF5AB4-FB71-4CFF-8764-312E36F80AB2}"
EndProject
Project("{8BC9CEB8-8B4A-11D0-8D11-00A0C91BC942}") = "9", "9\9.vcxproj", "{89005955-91DC-4950-9E9B-0DCCC9ABD63D}"
EndProject
Project("{8BC9CEB8-8B4A-11D0-8D11-00A0C91BC942}") = "10", "10\10.vcxproj", "{441DD6B5-20B0-429B-9AA6-CB0AA1BC19F8}"
EndProject
Project("{8BC9CEB8-8B4A-11D0-8D11-00A0C91BC942}") = "11", "11\11.vcxproj", "{85179F9F-EA7F-4E4B-ACF2-D51C1071B3E7}"
EndProject
Project("{8BC9CEB8-8B4A-11D0-8D11-00A0C91BC942}") = "12", "12\12.vcxproj", "{D83661BC-9C9A-4BF7-A0A0-C32746425BE4}"
EndProject
Global
	GlobalSection(SolutionConfigurationPlatforms) = preSolution
		Debug|x64 = Debug|x64
		Debug|x86 = Debug|x86
		Release|x64 = Release|x64
		Release|x86 = Release|x86
	EndGlobalSection
	GlobalSection(ProjectConfigurationPlatforms) = postSolution
		{24B53424-66E4-4FB9-A63D-B51505589973}.Debug|x64.ActiveCfg = Debug|x64
		{24B53424-66E4-4FB9-A63D-B51505589973}.Debug|x64.Build.0 = Debug|x64
		{24B53424-66E4-4FB9-A63D-B51505589973}.Debug|x86.ActiveCfg = Debug|Win32
		{24B53424-66E4-4FB9-A63D-B51505589973}.Debug|x86.Build.0 = Debug|Win32
		{24B53424-66E4-4FB9-A63D-B51505589973}.Release|x64.ActiveCfg = Release|x64
		{24B53424-66E4-4FB9-A63D-B51505589973}.Release|x64.Build.0 = Release|x64
		{24B53424-66E4-4FB9-A63D-B51505589973}.Release|x86.ActiveCfg = Release|Win32
		{24B53424-66E4-4FB9-A63D-B51505589973}.Release|x86.Build.0 = Release|Win32
		{A9B36EAF-FC06-461A-A52F-2D620B3E1E2B}.Debug|x64.ActiveCfg = Debug|x64
		{A9B36EAF-FC06-461A-A52F-2D620B3E1E2B}.Debug|x64.Build.0 = Debug|x64
		{A9B36EAF-FC06-461A-A52F-2D620B3E1E2B}.Debug|x86.ActiveCfg = Debug|Win32
		{A9B36EAF-FC06-461A-A52F-2D620B3E1E2B}.Debug|x86.Build.0 = Debug|Win32
		{A9B36EAF-FC06-461A-A52F-2D620B3E1E2B}.Release|x64.ActiveCfg = Release|x64
		{A9B36EAF-FC06-461A-A52F-2D620B3E1E2B}.Release|x64.Build.0 = Release|x64
		{A9B36EAF-FC06-461A-A52F-2D620B3E1E2B}.Release|x86.ActiveCfg = Release|Win32
		{A9B36EAF-FC06-461A-A52F-2D620B3E1E2B}.Release|x86.Build.0 = Release|Win32
		{6CCEA147-549B-4E49-9969-63D69ED07CDE}.Debug|x64.ActiveCfg = Debug|x64
		{6CCEA147-549B-4E49-9969-63D69ED07CDE}.Debug|x64.Build.0 = Debug|x64
		{6CCEA147-549B-4E49-9969-63D69ED07CDE}.Debug|x86.ActiveCfg = Debug|Win32
		{6CCEA147-549B-4E49-9969-63D69ED07CDE}.Debug|x86.Build.0 = Debug|Win32
		{6CCEA147-549B-4E49-9969-63D69ED07CDE}.Release|x64.ActiveCfg = Release|x64
		{6CCEA147-549B-4E49-9969-63D69ED07CDE}.Release|x64.Build.0 = Release|x64
		{6CCEA147-549B-4E49-9969-63D69ED07CDE}.Release|x86.ActiveCfg = Release|Win32
		{6CCEA147-549B-4E49-9969-63D69ED07CDE}.Release|x86.Build.0 = Release|Win32
		{8B87C552-3374-412B-B302-287FDAA1CB42}.Debug|x64.ActiveCfg = Debug|x64
		{8B87C552-3374-412B-B302-287FDAA1CB42}.Debug|x64.Build.0 = Debug|x64
		{8B87C552-3374-412B-B302-287FDAA1CB42}.Debug|x86.ActiveCfg = Debug|Win32
		{8B87C552-3374-412B-B302-287FDAA1CB42}.Debug|x86.Build.0 = Debug|Win32
		{8B87C552-3374-412B-B302-287FDAA1CB42}.Release|x64.ActiveCfg = Release|x64
		{8B87C552-3374-412B-B302-287FDAA1CB42}.Release|x64.Build.0 = Release|x64
		{8B87C552-3374-412B-B302-287FDAA1CB42}.Release|x86.ActiveCfg = Release|Win32
		{8B87C552-3374-412B-B302-287FDAA1CB42}.Release|x86.Build.0 = Release|Win32
		{B39407C9-C95C-42D2-8E01-16485C15351D}.Debug|x64.ActiveCfg = Debug|x64
		{B39407C9-C95C-42D2-8E01-16485C15351D}.Debug|x64.Build.0 = Debug|x64
		{B39407C9-C95C-42D2-8E01-16485C15351D}.Debug|x86.ActiveCfg = Debug|Win32
		{B39407C9-C95C-42D2-8E01-16485C15351D}.Debug|x86.Build.0 = Debug|Win32
		{B39407C9-C95C-42D2-8E01-16485C15351D}.Release|x64.ActiveCfg = Release|x64
		{B39407C9-C95C-42D2-8E01-16485C15351D}.Release|x64.Build.0 = Release|x64
		{B39407C9-C95C-42D2-8E01-16485C15351D}.Release|x86.ActiveCfg = Release|Win32
		{B39407C9-C95C-42D2-8E01-16485C15351D}.Release|x86.Build.0 = Release|Win32
		{34C6E595-FDD0-47A6-9D5F-CE09B7EA205F}.Debug|x64.ActiveCfg = Debug|x64
		{34C6E595-FDD0-47A6-9D5F-CE09B7EA205F}.Debug|x64.Build.0 = Debug|x64
		{34C6E595-FDD0-47A6-9D5F-CE09B7EA205F}.Debug|x86.ActiveCfg = Debug|Win32
		{34C6E595-FDD0-47A6-9D5F-CE09B7EA205F}.Debug|x86.Build.0 = Debug|Win32
		{34C6E595-FDD0-47A6-9D5F-CE09B7EA205F}.Release|x64.ActiveCfg = Release|x64
		{34C6E595-FDD0-47A6-9D5F-CE09B7EA205F}.Release|x64.Build.0 = Release|x64
		{34C6E595-FDD0-47A6-9D5F-CE09B7EA205F}.Release|x86.ActiveCfg = Release|Win32
		{34C6E595-FDD0-47A6-9D5F-CE09B7EA205F}.Release|x86.Build.0 = Release|Win32
		{324CCDC7-6221-4B97-BB94-D9E02358F2FD}.Debug|x64.ActiveCfg = Debug|x64
		{324CCDC7-6221-4B97-BB94-D9E02358F2FD}.Debug|x64.Build.0 = Debug|x64
		{324CCDC7-6221-4B97-BB94-D9E02358F2FD}.Debug|x86.ActiveCfg = Debug|Win32
		{324CCDC7-6221-4B97-BB94-D9E02358F2FD}.Debug|x86.Build.0 = Debug|Win32
		{324CCDC7-6221-4B97-BB94-D9E02358F2FD}.Release|x64.ActiveCfg = Release|x64
		{324CCDC7-6221-4B97-BB94-D9E02358F2FD}.Release|x64.Build.0 = Release|x64
		{324CCDC7-6221-4B97-BB94-D9E02358F2FD}.Release|x86.ActiveCfg = Release|Win32
		{324CCDC7-6221-4B97-BB94-D9E02358F2FD}.Release|x86.Build.0 = Release|Win32
		{81244A54-2665-4117-A626-78E917344D39}.Debug|x64.ActiveCfg = Debug|x64
		{81244A54-2665-4117-A626-78E917344D39}.Debug|x64.Build.0 = Debug|x64
		{81244A54-2665-4117-A626-78E917344D39}.Debug|x86.ActiveCfg = Debug|Win32
		{81244A54-2665-4117-A626-78E917344D39}.Debug|x86.Build.0 = Debug|Win32
		{81244A54-2665-4117-A626-78E917344D39}.Release|x64.ActiveCfg = Release|x64
		{81244A54-2665-4117-A626-78E917344D39}.Release|x64.Build.0 = Release|x64
		{81244A54-2665-4117-A626-78E917344D39}.Release|x86.ActiveCfg = Release|Win32
		{81244A54-2665-4117-A626-78E917344D39}.Release|x86.Build.0 = Release|Win32
		{B4FF5AB4-FB71-4CFF-8764-312E36F80AB2}.Debug|x64.ActiveCfg = Debug|x64
		{B4FF5AB4-FB71-4CFF-8764-312E36F80AB2}.Debug|x64.Build.0 = Debug|x64
		{B4FF5AB4-FB71-4CFF-8764-312E36F80AB2}.Debug|x86.ActiveCfg = Debug|Win32
		{B4FF5AB4-FB71-4CFF-8764-312E36F80AB2}.Debug|x86.Build.0 = Debug|Win32
		{B4FF5AB4-FB71-4CFF-8764-312E36F80AB2}.Release|x64.ActiveCfg = Release|x64
		{B4FF5AB4-FB71-4CFF-8764-312E36F80AB2}.Release|x64.Build.0 = Release|x64
		{B4FF5AB4-FB71-4CFF-8764-312E36F80AB2}.Release|x86.ActiveCfg = Release|Win32
		{B4FF5AB4-FB71-4CFF-8764-312E36F80AB2}.Release|x86.Build.0 = Release|Win32
		{89005955-91DC-4950-9E9B-0DCCC9ABD63D}.Debug|x64.ActiveCfg = Debug|x64
		{89005955-91DC-4950-9E9B-0DCCC9ABD63D}.Debug|x64.Build.0 = Debug|x64
		{89005955-91DC-4950-9E9B-0DCCC9ABD63D}.Debug|x86.ActiveCfg = Debug|Win32
		{89005955-91DC-4950-9E9B-0DCCC9ABD63D}.Debug|x86.Build.0 = Debug|Win32
		{89005955-91DC-4950-9E9B-0DCCC9ABD63D}.Release|x64.ActiveCfg = Release|x64
		{89005955-91DC-4950-9E9B-0DCCC9ABD63D}.Release|x64.Build.0 = Release|x64
		{89005955-91DC-4950-9E9B-0DCCC9ABD63D}.Release|x86.ActiveCfg = Release|Win32
		{89005955-91DC-4950-9E9B-0DCCC9ABD63D}.Release|x86.Build.0 = Release|Win32
		{441DD6B5-20B0-429B-9AA6-CB0AA1BC19F8}.Debug|x64.ActiveCfg = Debug|x64
		{441DD6B5-20B0-429B-9AA6-CB0AA1BC19F8}.Debug|x64.Build.0 = Debug|x64
		{441DD6B5-20B0-429B-9AA6-CB0AA1BC19F8}.Debug|x86.ActiveCfg = Debug|Win32
		{441DD6B5-20B0-429B-9AA6-CB0AA1BC19F8}.Debug|x86.Build.0 = Debug|Win32
		{441DD6B5-20B0-429B-9AA6-CB0AA1BC19F8}.Release|x64.ActiveCfg = Release|x64
		{441DD6B5-20B0-429B-9AA6-CB0AA1BC19F8}.Release|x64.Build.0 = Release|x64
		{441DD6B5-20B0-429B-9AA6-CB0AA1BC19F8}.Release|x86.ActiveCfg = Release|Win32
		{441DD6B5-20B0-429B-9AA6-CB0AA1BC19F8}.Release|x86.Build.0 = Release|Win32
		{85179F9F-EA7F-4E4B-ACF2-D51C1071B3E7}.Debug|x64.ActiveCfg = Debug|x64
		{85179F9F-EA7F-4E4B-ACF2-D51C1071B3E7}.Debug|x64.Build.0 = Debug|x64
		{85179F9F-EA7F-4E4B-ACF2-D51C1071B3E7}.Debug|x86.ActiveCfg = Debug|Win32
		{85179F9F-EA7F-4E4B-ACF2-D51C1071B3E7}.Debug|x86.Build.0 = Debug|Win32
		{85179F9F-EA7F-4E4B-ACF2-D51C1071B3E7}.Release|x64.ActiveCfg = Release|x64
		{85179F9F-EA7F-4E4B-ACF2-D51C1071B3E7}.Release|x64.Build.0 = Release|x64
		{85179F9F-EA7F-4E4B-ACF2-D51C1071B3E7}.Release|x86.ActiveCfg = Release|Win32
		{85179F9F-EA7F-4E4B-ACF2-D51C1071B3E7}.Release|x86.Build.0 = Release|Win32
		{D83661BC-9C9A-4BF7-A0A0-C32746425BE4}.Debug|x64.ActiveCfg = Debug|x64
		{D83661BC-9C9A-4BF7-A0A0-C32746425BE4}.Debug|x64.Build.0 = Debug|x64
		{D83661BC-9C9A-4BF7-A0A0-C32746425BE4}.Debug|x86.ActiveCfg = Debug|Win32
		{D83661BC-9C9A-4BF7-A0A0-C32746425BE4}.Debug|x86.Build.0 = Debug|Win32
		{D83661BC-9C9A-4BF7-A0A0-C32746425BE4}.Release|x64.ActiveCfg = Release|x64
		{D83661BC-9C9A-4BF7-A0A0-C32746425BE4}.Release|x64.Build.0 = Release|x64
		{D83661BC-9C9A-4BF7-A0A0-C32746425BE4}.Release|x86.ActiveCfg = Release|Win32
		{D83661BC-9C9A-4BF7-A0A0-C32746425BE4}.Release|x86.Build.0 = Release|Win32
	EndGlobalSection
	GlobalSection(SolutionProperties) = preSolution
		HideSolutionNode = FALSE
	EndGlobalSection
	GlobalSection(ExtensibilityGlobals) = postSolution
		SolutionGuid = {F2543C17-FF83-43F1-A5C7-F1B5ABE6E663}
	EndGlobalSection
EndGlobal
